
Microsoft Visual Studio Solution File, Format Version 12.00
Project("{FAE04EC0-301F-11D3-BF4B-00C04F79EFBC}") = "Kakki", "Kakki\Kakki.csproj", "{B2ABCB27-6186-486F-80F0-B684F286F9D1}"
EndProject
Global
	GlobalSection(SolutionConfigurationPlatforms) = preSolution
		Debug|Any CPU = Debug|Any CPU
		Release|Any CPU = Release|Any CPU
	EndGlobalSection
	GlobalSection(ProjectConfigurationPlatforms) = postSolution
		{B2ABCB27-6186-486F-80F0-B684F286F9D1}.Debug|Any CPU.ActiveCfg = Debug|Any CPU
		{B2ABCB27-6186-486F-80F0-B684F286F9D1}.Debug|Any CPU.Build.0 = Debug|Any CPU
		{B2ABCB27-6186-486F-80F0-B684F286F9D1}.Release|Any CPU.ActiveCfg = Release|Any CPU
		{B2ABCB27-6186-486F-80F0-B684F286F9D1}.Release|Any CPU.Build.0 = Release|Any CPU
	EndGlobalSection
EndGlobal
